<?xml version="1.0" encoding="UTF-8"?>
<!DOCTYPE plist PUBLIC "-//Apple//DTD PLIST 1.0//EN" "http://www.apple.com/DTDs/PropertyList-1.0.dtd">
<plist version="1.0">
<dict>
	<key>archiveVersion</key>
	<string>1</string>
	<key>classes</key>
	<dict/>
	<key>objectVersion</key>
	<string>46</string>
	<key>objects</key>
	<dict>
		<key>45DC4AEA199A205800FD4739</key>
		<dict>
			<key>isa</key>
			<string>PBXFileReference</string>
			<key>lastKnownFileType</key>
			<string>file</string>
			<key>path</key>
			<string>Minecrafter_3.ttf</string>
			<key>sourceTree</key>
			<string>&lt;group&gt;</string>
		</dict>
		<key>45DC4AEB199A249E00FD4739</key>
		<dict>
			<key>fileRef</key>
			<string>45DC4AEA199A205800FD4739</string>
			<key>isa</key>
			<string>PBXBuildFile</string>
		</dict>
		<key>45DC4AFE199AA7DC00FD4739</key>
		<dict>
			<key>isa</key>
			<string>PBXFileReference</string>
			<key>lastKnownFileType</key>
			<string>file</string>
			<key>path</key>
			<string>music.caf</string>
			<key>sourceTree</key>
			<string>&lt;group&gt;</string>
		</dict>
		<key>45DC4B00199AAAE400FD4739</key>
		<dict>
			<key>isa</key>
			<string>PBXFileReference</string>
			<key>lastKnownFileType</key>
			<string>file</string>
			<key>path</key>
			<string>InvaderHit.caf</string>
			<key>sourceTree</key>
			<string>&lt;group&gt;</string>
		</dict>
		<key>45DC4B01199AAAE400FD4739</key>
		<dict>
			<key>isa</key>
			<string>PBXFileReference</string>
			<key>lastKnownFileType</key>
			<string>file</string>
			<key>path</key>
			<string>ShipBullet.caf</string>
			<key>sourceTree</key>
			<string>&lt;group&gt;</string>
		</dict>
		<key>45DC4B02199AAAE400FD4739</key>
		<dict>
			<key>isa</key>
			<string>PBXFileReference</string>
			<key>lastKnownFileType</key>
			<string>file</string>
			<key>path</key>
			<string>ShipHit.caf</string>
			<key>sourceTree</key>
			<string>&lt;group&gt;</string>
		</dict>
		<key>45DC4B03199AAB6000FD4739</key>
		<dict>
			<key>fileRef</key>
			<string>45DC4AFE199AA7DC00FD4739</string>
			<key>isa</key>
			<string>PBXBuildFile</string>
		</dict>
		<key>45DC4B05199AAB6300FD4739</key>
		<dict>
			<key>fileRef</key>
			<string>45DC4B00199AAAE400FD4739</string>
			<key>isa</key>
			<string>PBXBuildFile</string>
		</dict>
		<key>45DC4B06199AAB6800FD4739</key>
		<dict>
			<key>fileRef</key>
			<string>45DC4B01199AAAE400FD4739</string>
			<key>isa</key>
			<string>PBXBuildFile</string>
		</dict>
		<key>45DC4B07199AAB6A00FD4739</key>
		<dict>
			<key>fileRef</key>
			<string>45DC4B02199AAAE400FD4739</string>
			<key>isa</key>
			<string>PBXBuildFile</string>
		</dict>
		<key>45DC4B08199AAC1700FD4739</key>
		<dict>
			<key>isa</key>
			<string>PBXFileReference</string>
			<key>lastKnownFileType</key>
			<string>file</string>
			<key>path</key>
			<string>InvaderBullet.caf</string>
			<key>sourceTree</key>
			<string>&lt;group&gt;</string>
		</dict>
		<key>45DC4B09199AAC1A00FD4739</key>
		<dict>
			<key>fileRef</key>
			<string>45DC4B08199AAC1700FD4739</string>
			<key>isa</key>
			<string>PBXBuildFile</string>
		</dict>
		<key>45DC4B0A199AAFAE00FD4739</key>
		<dict>
			<key>isa</key>
			<string>PBXFileReference</string>
			<key>lastKnownFileType</key>
			<string>wrapper.framework</string>
			<key>name</key>
			<string>AVFoundation.framework</string>
			<key>path</key>
			<string>System/Library/Frameworks/AVFoundation.framework</string>
			<key>sourceTree</key>
			<string>SDKROOT</string>
		</dict>
		<key>45DC4B0B199AAFAE00FD4739</key>
		<dict>
			<key>fileRef</key>
			<string>45DC4B0A199AAFAE00FD4739</string>
			<key>isa</key>
			<string>PBXBuildFile</string>
		</dict>
		<key>45DC4B0C199AAFB900FD4739</key>
		<dict>
			<key>isa</key>
			<string>PBXFileReference</string>
			<key>lastKnownFileType</key>
			<string>wrapper.framework</string>
			<key>name</key>
			<string>AudioToolbox.framework</string>
			<key>path</key>
			<string>System/Library/Frameworks/AudioToolbox.framework</string>
			<key>sourceTree</key>
			<string>SDKROOT</string>
		</dict>
		<key>45DC4B0D199AAFB900FD4739</key>
		<dict>
			<key>fileRef</key>
			<string>45DC4B0C199AAFB900FD4739</string>
			<key>isa</key>
			<string>PBXBuildFile</string>
		</dict>
		<key>45DC4B10199E389200FD4739</key>
		<dict>
			<key>isa</key>
			<string>PBXFileReference</string>
			<key>lastKnownFileType</key>
			<string>image.png</string>
			<key>path</key>
			<string>play_button.png</string>
			<key>sourceTree</key>
			<string>&lt;group&gt;</string>
		</dict>
		<key>45DC4B11199E389200FD4739</key>
		<dict>
			<key>fileRef</key>
			<string>45DC4B10199E389200FD4739</string>
			<key>isa</key>
			<string>PBXBuildFile</string>
		</dict>
		<key>45DC4B13199E4D6500FD4739</key>
		<dict>
			<key>isa</key>
			<string>PBXFileReference</string>
			<key>lastKnownFileType</key>
			<string>image.png</string>
			<key>path</key>
			<string>starinvaders_icon_40pt.png</string>
			<key>sourceTree</key>
			<string>&lt;group&gt;</string>
		</dict>
		<key>45DC4B14199E4D6500FD4739</key>
		<dict>
			<key>isa</key>
			<string>PBXFileReference</string>
			<key>lastKnownFileType</key>
			<string>image.png</string>
			<key>path</key>
			<string>starinvaders_icon_60pt.png</string>
			<key>sourceTree</key>
			<string>&lt;group&gt;</string>
		</dict>
		<key>45DC4B16199E4D6500FD4739</key>
		<dict>
			<key>fileRef</key>
			<string>45DC4B13199E4D6500FD4739</string>
			<key>isa</key>
			<string>PBXBuildFile</string>
		</dict>
		<key>45DC4B17199E4D6500FD4739</key>
		<dict>
			<key>fileRef</key>
			<string>45DC4B14199E4D6500FD4739</string>
			<key>isa</key>
			<string>PBXBuildFile</string>
		</dict>
		<key>45DC4B18199E5ACD00FD4739</key>
		<dict>
			<key>isa</key>
			<string>PBXFileReference</string>
			<key>lastKnownFileType</key>
			<string>image.png</string>
			<key>path</key>
			<string>spaceinvaders_splashscreen_@2x.png</string>
			<key>sourceTree</key>
			<string>&lt;group&gt;</string>
		</dict>
		<key>45DC4B19199E5ACD00FD4739</key>
		<dict>
			<key>isa</key>
			<string>PBXFileReference</string>
			<key>lastKnownFileType</key>
			<string>image.png</string>
			<key>path</key>
			<string>spaceinvaders_splashscreen_r4.png</string>
			<key>sourceTree</key>
			<string>&lt;group&gt;</string>
		</dict>
		<key>45DC4B1A199E5ACD00FD4739</key>
		<dict>
			<key>fileRef</key>
			<string>45DC4B18199E5ACD00FD4739</string>
			<key>isa</key>
			<string>PBXBuildFile</string>
		</dict>
		<key>45DC4B1B199E5ACD00FD4739</key>
		<dict>
			<key>fileRef</key>
			<string>45DC4B19199E5ACD00FD4739</string>
			<key>isa</key>
			<string>PBXBuildFile</string>
		</dict>
		<key>45DC4B1C199E872D00FD4739</key>
		<dict>
			<key>buildSettings</key>
			<dict>
				<key>ALWAYS_SEARCH_USER_PATHS</key>
				<string>NO</string>
				<key>CLANG_CXX_LANGUAGE_STANDARD</key>
				<string>gnu++0x</string>
				<key>CLANG_CXX_LIBRARY</key>
				<string>libc++</string>
				<key>CLANG_ENABLE_MODULES</key>
				<string>YES</string>
				<key>CLANG_ENABLE_OBJC_ARC</key>
				<string>YES</string>
				<key>CLANG_WARN_BOOL_CONVERSION</key>
				<string>YES</string>
				<key>CLANG_WARN_CONSTANT_CONVERSION</key>
				<string>YES</string>
				<key>CLANG_WARN_DIRECT_OBJC_ISA_USAGE</key>
				<string>YES_ERROR</string>
				<key>CLANG_WARN_EMPTY_BODY</key>
				<string>YES</string>
				<key>CLANG_WARN_ENUM_CONVERSION</key>
				<string>YES</string>
				<key>CLANG_WARN_INT_CONVERSION</key>
				<string>YES</string>
				<key>CLANG_WARN_OBJC_ROOT_CLASS</key>
				<string>YES_ERROR</string>
				<key>CLANG_WARN__DUPLICATE_METHOD_MATCH</key>
				<string>YES</string>
				<key>CODE_SIGN_IDENTITY</key>
				<string>iPhone Distribution: Hicham Chourak (TF9VESMTKV)</string>
				<key>CODE_SIGN_IDENTITY[sdk=iphoneos*]</key>
				<string>iPhone Distribution: Hicham Chourak (TF9VESMTKV)</string>
				<key>COPY_PHASE_STRIP</key>
				<string>YES</string>
				<key>ENABLE_NS_ASSERTIONS</key>
				<string>NO</string>
				<key>GCC_C_LANGUAGE_STANDARD</key>
				<string>gnu99</string>
				<key>GCC_WARN_ABOUT_RETURN_TYPE</key>
				<string>YES_ERROR</string>
				<key>GCC_WARN_UNDECLARED_SELECTOR</key>
				<string>YES</string>
				<key>GCC_WARN_UNINITIALIZED_AUTOS</key>
				<string>YES</string>
				<key>GCC_WARN_UNUSED_FUNCTION</key>
				<string>YES</string>
				<key>GCC_WARN_UNUSED_VARIABLE</key>
				<string>YES</string>
				<key>IPHONEOS_DEPLOYMENT_TARGET</key>
				<string>7.0</string>
				<key>PROVISIONING_PROFILE</key>
				<string>06d08652-3c48-4004-877d-166e3e96f8fd</string>
				<key>SDKROOT</key>
				<string>iphoneos</string>
				<key>VALIDATE_PRODUCT</key>
				<string>YES</string>
			</dict>
			<key>isa</key>
			<string>XCBuildConfiguration</string>
			<key>name</key>
			<string>Distribution</string>
		</dict>
		<key>45DC4B1D199E872D00FD4739</key>
		<dict>
			<key>baseConfigurationReference</key>
			<string>7341BA807CF846CD81FC18FB</string>
			<key>buildSettings</key>
			<dict>
				<key>ASSETCATALOG_COMPILER_APPICON_NAME</key>
				<string>AppIcon</string>
				<key>ASSETCATALOG_COMPILER_LAUNCHIMAGE_NAME</key>
				<string>LaunchImage</string>
				<key>CODE_SIGN_IDENTITY</key>
				<string>iPhone Distribution: Hicham Chourak (TF9VESMTKV)</string>
				<key>GCC_PRECOMPILE_PREFIX_HEADER</key>
				<string>YES</string>
				<key>GCC_PREFIX_HEADER</key>
				<string>SKInvaders/Star Invaders-Prefix.pch</string>
				<key>INFOPLIST_FILE</key>
				<string>SKInvaders/Star Invaders-Info.plist</string>
				<key>PRODUCT_NAME</key>
				<string>Star Invaders</string>
				<key>PROVISIONING_PROFILE</key>
				<string>06d08652-3c48-4004-877d-166e3e96f8fd</string>
				<key>SPRITEKIT_TEXTURE_ATLAS_OUTPUT</key>
				<string>YES</string>
				<key>WRAPPER_EXTENSION</key>
				<string>app</string>
			</dict>
			<key>isa</key>
			<string>XCBuildConfiguration</string>
			<key>name</key>
			<string>Distribution</string>
		</dict>
		<key>45DC4B1E199E872D00FD4739</key>
		<dict>
			<key>buildSettings</key>
			<dict>
				<key>BUNDLE_LOADER</key>
				<string>$(BUILT_PRODUCTS_DIR)/SKInvaders.app/SKInvaders</string>
				<key>FRAMEWORK_SEARCH_PATHS</key>
				<array>
					<string>$(SDKROOT)/Developer/Library/Frameworks</string>
					<string>$(inherited)</string>
					<string>$(DEVELOPER_FRAMEWORKS_DIR)</string>
				</array>
				<key>GCC_PRECOMPILE_PREFIX_HEADER</key>
				<string>YES</string>
				<key>GCC_PREFIX_HEADER</key>
				<string>SKInvaders/SKInvaders-Prefix.pch</string>
				<key>INFOPLIST_FILE</key>
				<string>SKInvadersTests/Star InvadersTests-Info.plist</string>
				<key>PRODUCT_NAME</key>
				<string>Star InvadersTests</string>
				<key>TEST_HOST</key>
				<string>$(BUNDLE_LOADER)</string>
				<key>WRAPPER_EXTENSION</key>
				<string>xctest</string>
			</dict>
			<key>isa</key>
			<string>XCBuildConfiguration</string>
			<key>name</key>
			<string>Distribution</string>
		</dict>
		<key>45DC4B1F199E887500FD4739</key>
		<dict>
			<key>isa</key>
			<string>PBXFileReference</string>
			<key>lastKnownFileType</key>
			<string>image.png</string>
			<key>path</key>
			<string>starinvaders_icon_29pt.png</string>
			<key>sourceTree</key>
			<string>&lt;group&gt;</string>
		</dict>
		<key>45DC4B20199E887500FD4739</key>
		<dict>
			<key>fileRef</key>
			<string>45DC4B1F199E887500FD4739</string>
			<key>isa</key>
			<string>PBXBuildFile</string>
		</dict>
		<key>530EDE8692284A0DA7CA5FDD</key>
		<dict>
			<key>explicitFileType</key>
			<string>archive.ar</string>
			<key>includeInIndex</key>
			<string>0</string>
			<key>isa</key>
			<string>PBXFileReference</string>
			<key>path</key>
			<string>libPods.a</string>
			<key>sourceTree</key>
			<string>BUILT_PRODUCTS_DIR</string>
		</dict>
		<key>5B375BA11E194E8181A52D0B</key>
		<dict>
			<key>buildActionMask</key>
			<string>2147483647</string>
			<key>files</key>
			<array/>
			<key>inputPaths</key>
			<array/>
			<key>isa</key>
			<string>PBXShellScriptBuildPhase</string>
			<key>name</key>
			<string>Copy Pods Resources</string>
			<key>outputPaths</key>
			<array/>
			<key>runOnlyForDeploymentPostprocessing</key>
			<string>0</string>
			<key>shellPath</key>
			<string>/bin/sh</string>
			<key>shellScript</key>
			<string>"${SRCROOT}/Pods/Pods-resources.sh"
</string>
			<key>showEnvVarsInLog</key>
			<string>0</string>
		</dict>
		<key>6AD4641117DE8BB800C19E75</key>
		<dict>
			<key>children</key>
			<array>
				<string>6AD4642517DE8BB800C19E75</string>
				<string>6AD4644917DE8BB900C19E75</string>
				<string>6AD4641C17DE8BB800C19E75</string>
				<string>6AD4641B17DE8BB800C19E75</string>
				<string>7341BA807CF846CD81FC18FB</string>
			</array>
			<key>isa</key>
			<string>PBXGroup</string>
			<key>sourceTree</key>
			<string>&lt;group&gt;</string>
		</dict>
		<key>6AD4641217DE8BB800C19E75</key>
		<dict>
			<key>attributes</key>
			<dict>
				<key>LastUpgradeCheck</key>
				<string>0500</string>
				<key>ORGANIZATIONNAME</key>
				<string>RepublicOfApps, LLC</string>
				<key>TargetAttributes</key>
				<dict>
					<key>6AD4644117DE8BB900C19E75</key>
					<dict>
						<key>TestTargetID</key>
						<string>6AD4641917DE8BB800C19E75</string>
					</dict>
				</dict>
			</dict>
			<key>buildConfigurationList</key>
			<string>6AD4641517DE8BB800C19E75</string>
			<key>compatibilityVersion</key>
			<string>Xcode 3.2</string>
			<key>developmentRegion</key>
			<string>English</string>
			<key>hasScannedForEncodings</key>
			<string>0</string>
			<key>isa</key>
			<string>PBXProject</string>
			<key>knownRegions</key>
			<array>
				<string>en</string>
				<string>Base</string>
			</array>
			<key>mainGroup</key>
			<string>6AD4641117DE8BB800C19E75</string>
			<key>productRefGroup</key>
			<string>6AD4641B17DE8BB800C19E75</string>
			<key>projectDirPath</key>
			<string></string>
			<key>projectReferences</key>
			<array/>
			<key>projectRoot</key>
			<string></string>
			<key>targets</key>
			<array>
				<string>6AD4641917DE8BB800C19E75</string>
				<string>6AD4644117DE8BB900C19E75</string>
			</array>
		</dict>
		<key>6AD4641517DE8BB800C19E75</key>
		<dict>
			<key>buildConfigurations</key>
			<array>
				<string>6AD4645117DE8BB900C19E75</string>
				<string>6AD4645217DE8BB900C19E75</string>
				<string>45DC4B1C199E872D00FD4739</string>
			</array>
			<key>defaultConfigurationIsVisible</key>
			<string>0</string>
			<key>defaultConfigurationName</key>
			<string>Release</string>
			<key>isa</key>
			<string>XCConfigurationList</string>
		</dict>
		<key>6AD4641617DE8BB800C19E75</key>
		<dict>
			<key>buildActionMask</key>
			<string>2147483647</string>
			<key>files</key>
			<array>
				<string>6AD4643917DE8BB800C19E75</string>
				<string>6AD4643617DE8BB800C19E75</string>
				<string>6AD4643017DE8BB800C19E75</string>
				<string>6AD4642C17DE8BB800C19E75</string>
			</array>
			<key>isa</key>
			<string>PBXSourcesBuildPhase</string>
			<key>runOnlyForDeploymentPostprocessing</key>
			<string>0</string>
		</dict>
		<key>6AD4641717DE8BB800C19E75</key>
		<dict>
			<key>buildActionMask</key>
			<string>2147483647</string>
			<key>files</key>
			<array>
				<string>45DC4B0D199AAFB900FD4739</string>
				<string>45DC4B0B199AAFAE00FD4739</string>
				<string>6AD4647A17DE8F2600C19E75</string>
				<string>6AD4642017DE8BB800C19E75</string>
				<string>6AD4642217DE8BB800C19E75</string>
				<string>6AD4642417DE8BB800C19E75</string>
				<string>6AD4641E17DE8BB800C19E75</string>
				<string>AEA42D6253FA40F8A12AAF24</string>
			</array>
			<key>isa</key>
			<string>PBXFrameworksBuildPhase</string>
			<key>runOnlyForDeploymentPostprocessing</key>
			<string>0</string>
		</dict>
		<key>6AD4641817DE8BB800C19E75</key>
		<dict>
			<key>buildActionMask</key>
			<string>2147483647</string>
			<key>files</key>
			<array>
				<string>45DC4AEB199A249E00FD4739</string>
				<string>6AD4646E17DE8E9C00C19E75</string>
				<string>6AD4646B17DE8E9C00C19E75</string>
				<string>6AD4646D17DE8E9C00C19E75</string>
				<string>45DC4B05199AAB6300FD4739</string>
				<string>45DC4B06199AAB6800FD4739</string>
				<string>45DC4B07199AAB6A00FD4739</string>
				<string>6AD4642A17DE8BB800C19E75</string>
				<string>45DC4B1B199E5ACD00FD4739</string>
				<string>45DC4B03199AAB6000FD4739</string>
				<string>6AD4647417DE8E9C00C19E75</string>
				<string>45DC4B09199AAC1A00FD4739</string>
				<string>45DC4B20199E887500FD4739</string>
				<string>6AD4647017DE8E9C00C19E75</string>
				<string>6AD4643D17DE8BB800C19E75</string>
				<string>6AD4647317DE8E9C00C19E75</string>
				<string>6AD4647117DE8E9C00C19E75</string>
				<string>45DC4B1A199E5ACD00FD4739</string>
				<string>6AD4647217DE8E9C00C19E75</string>
				<string>6AD4647517DE8E9C00C19E75</string>
				<string>45DC4B17199E4D6500FD4739</string>
				<string>6AD4646C17DE8E9C00C19E75</string>
				<string>6AD4646F17DE8E9C00C19E75</string>
				<string>45DC4B11199E389200FD4739</string>
				<string>6AD4647717DE8E9D00C19E75</string>
				<string>6AD4647617DE8E9D00C19E75</string>
				<string>6AD4643317DE8BB800C19E75</string>
				<string>45DC4B16199E4D6500FD4739</string>
				<string>6AD4646A17DE8E9C00C19E75</string>
			</array>
			<key>isa</key>
			<string>PBXResourcesBuildPhase</string>
			<key>runOnlyForDeploymentPostprocessing</key>
			<string>0</string>
		</dict>
		<key>6AD4641917DE8BB800C19E75</key>
		<dict>
			<key>buildConfigurationList</key>
			<string>6AD4645317DE8BB900C19E75</string>
			<key>buildPhases</key>
			<array>
				<string>7FABA111384F499EBF5F0F2D</string>
				<string>6AD4641617DE8BB800C19E75</string>
				<string>6AD4641717DE8BB800C19E75</string>
				<string>6AD4641817DE8BB800C19E75</string>
				<string>5B375BA11E194E8181A52D0B</string>
			</array>
			<key>buildRules</key>
			<array/>
			<key>dependencies</key>
			<array/>
			<key>isa</key>
			<string>PBXNativeTarget</string>
			<key>name</key>
			<string>Star Invaders</string>
			<key>productName</key>
			<string>SKInvaders</string>
			<key>productReference</key>
			<string>6AD4641A17DE8BB800C19E75</string>
			<key>productType</key>
			<string>com.apple.product-type.application</string>
		</dict>
		<key>6AD4641A17DE8BB800C19E75</key>
		<dict>
			<key>explicitFileType</key>
			<string>wrapper.application</string>
			<key>includeInIndex</key>
			<string>0</string>
			<key>isa</key>
			<string>PBXFileReference</string>
			<key>path</key>
			<string>Star Invaders.app</string>
			<key>sourceTree</key>
			<string>BUILT_PRODUCTS_DIR</string>
		</dict>
		<key>6AD4641B17DE8BB800C19E75</key>
		<dict>
			<key>children</key>
			<array>
				<string>6AD4641A17DE8BB800C19E75</string>
				<string>6AD4644217DE8BB900C19E75</string>
			</array>
			<key>isa</key>
			<string>PBXGroup</string>
			<key>name</key>
			<string>Products</string>
			<key>sourceTree</key>
			<string>&lt;group&gt;</string>
		</dict>
		<key>6AD4641C17DE8BB800C19E75</key>
		<dict>
			<key>children</key>
			<array>
				<string>45DC4B0C199AAFB900FD4739</string>
				<string>45DC4B0A199AAFAE00FD4739</string>
				<string>6AD4647917DE8F2600C19E75</string>
				<string>6AD4641D17DE8BB800C19E75</string>
				<string>6AD4641F17DE8BB800C19E75</string>
				<string>6AD4642117DE8BB800C19E75</string>
				<string>6AD4642317DE8BB800C19E75</string>
				<string>6AD4644317DE8BB900C19E75</string>
				<string>530EDE8692284A0DA7CA5FDD</string>
			</array>
			<key>isa</key>
			<string>PBXGroup</string>
			<key>name</key>
			<string>Frameworks</string>
			<key>sourceTree</key>
			<string>&lt;group&gt;</string>
		</dict>
		<key>6AD4641D17DE8BB800C19E75</key>
		<dict>
			<key>isa</key>
			<string>PBXFileReference</string>
			<key>lastKnownFileType</key>
			<string>wrapper.framework</string>
			<key>name</key>
			<string>Foundation.framework</string>
			<key>path</key>
			<string>System/Library/Frameworks/Foundation.framework</string>
			<key>sourceTree</key>
			<string>SDKROOT</string>
		</dict>
		<key>6AD4641E17DE8BB800C19E75</key>
		<dict>
			<key>fileRef</key>
			<string>6AD4641D17DE8BB800C19E75</string>
			<key>isa</key>
			<string>PBXBuildFile</string>
		</dict>
		<key>6AD4641F17DE8BB800C19E75</key>
		<dict>
			<key>isa</key>
			<string>PBXFileReference</string>
			<key>lastKnownFileType</key>
			<string>wrapper.framework</string>
			<key>name</key>
			<string>CoreGraphics.framework</string>
			<key>path</key>
			<string>System/Library/Frameworks/CoreGraphics.framework</string>
			<key>sourceTree</key>
			<string>SDKROOT</string>
		</dict>
		<key>6AD4642017DE8BB800C19E75</key>
		<dict>
			<key>fileRef</key>
			<string>6AD4641F17DE8BB800C19E75</string>
			<key>isa</key>
			<string>PBXBuildFile</string>
		</dict>
		<key>6AD4642117DE8BB800C19E75</key>
		<dict>
			<key>isa</key>
			<string>PBXFileReference</string>
			<key>lastKnownFileType</key>
			<string>wrapper.framework</string>
			<key>name</key>
			<string>UIKit.framework</string>
			<key>path</key>
			<string>System/Library/Frameworks/UIKit.framework</string>
			<key>sourceTree</key>
			<string>SDKROOT</string>
		</dict>
		<key>6AD4642217DE8BB800C19E75</key>
		<dict>
			<key>fileRef</key>
			<string>6AD4642117DE8BB800C19E75</string>
			<key>isa</key>
			<string>PBXBuildFile</string>
		</dict>
		<key>6AD4642317DE8BB800C19E75</key>
		<dict>
			<key>isa</key>
			<string>PBXFileReference</string>
			<key>lastKnownFileType</key>
			<string>wrapper.framework</string>
			<key>name</key>
			<string>SpriteKit.framework</string>
			<key>path</key>
			<string>System/Library/Frameworks/SpriteKit.framework</string>
			<key>sourceTree</key>
			<string>SDKROOT</string>
		</dict>
		<key>6AD4642417DE8BB800C19E75</key>
		<dict>
			<key>fileRef</key>
			<string>6AD4642317DE8BB800C19E75</string>
			<key>isa</key>
			<string>PBXBuildFile</string>
		</dict>
		<key>6AD4642517DE8BB800C19E75</key>
		<dict>
			<key>children</key>
			<array>
				<string>45DC4AEA199A205800FD4739</string>
				<string>6AD4642E17DE8BB800C19E75</string>
				<string>6AD4642F17DE8BB800C19E75</string>
				<string>6AD4643117DE8BB800C19E75</string>
				<string>6AD4643417DE8BB800C19E75</string>
				<string>6AD4643517DE8BB800C19E75</string>
				<string>6AD4643717DE8BB800C19E75</string>
				<string>6AD4643817DE8BB800C19E75</string>
				<string>6AD4643C17DE8BB800C19E75</string>
				<string>6AD4642617DE8BB800C19E75</string>
			</array>
			<key>isa</key>
			<string>PBXGroup</string>
			<key>name</key>
			<string>StarInvaders</string>
			<key>path</key>
			<string>SKInvaders</string>
			<key>sourceTree</key>
			<string>&lt;group&gt;</string>
		</dict>
		<key>6AD4642617DE8BB800C19E75</key>
		<dict>
			<key>children</key>
			<array>
				<string>6AD4648617DE988C00C19E75</string>
				<string>6AD4648517DE986400C19E75</string>
				<string>6AD4642717DE8BB800C19E75</string>
				<string>6AD4642817DE8BB800C19E75</string>
				<string>6AD4642B17DE8BB800C19E75</string>
				<string>6AD4642D17DE8BB800C19E75</string>
				<string>6AD4648317DE96B100C19E75</string>
			</array>
			<key>isa</key>
			<string>PBXGroup</string>
			<key>name</key>
			<string>Supporting Files</string>
			<key>sourceTree</key>
			<string>&lt;group&gt;</string>
		</dict>
		<key>6AD4642717DE8BB800C19E75</key>
		<dict>
			<key>isa</key>
			<string>PBXFileReference</string>
			<key>lastKnownFileType</key>
			<string>text.plist.xml</string>
			<key>path</key>
			<string>Star Invaders-Info.plist</string>
			<key>sourceTree</key>
			<string>&lt;group&gt;</string>
		</dict>
		<key>6AD4642817DE8BB800C19E75</key>
		<dict>
			<key>children</key>
			<array>
				<string>6AD4642917DE8BB800C19E75</string>
			</array>
			<key>isa</key>
			<string>PBXVariantGroup</string>
			<key>name</key>
			<string>InfoPlist.strings</string>
			<key>sourceTree</key>
			<string>&lt;group&gt;</string>
		</dict>
		<key>6AD4642917DE8BB800C19E75</key>
		<dict>
			<key>isa</key>
			<string>PBXFileReference</string>
			<key>lastKnownFileType</key>
			<string>text.plist.strings</string>
			<key>name</key>
			<string>en</string>
			<key>path</key>
			<string>en.lproj/InfoPlist.strings</string>
			<key>sourceTree</key>
			<string>&lt;group&gt;</string>
		</dict>
		<key>6AD4642A17DE8BB800C19E75</key>
		<dict>
			<key>fileRef</key>
			<string>6AD4642817DE8BB800C19E75</string>
			<key>isa</key>
			<string>PBXBuildFile</string>
		</dict>
		<key>6AD4642B17DE8BB800C19E75</key>
		<dict>
			<key>isa</key>
			<string>PBXFileReference</string>
			<key>lastKnownFileType</key>
			<string>sourcecode.c.objc</string>
			<key>path</key>
			<string>main.m</string>
			<key>sourceTree</key>
			<string>&lt;group&gt;</string>
		</dict>
		<key>6AD4642C17DE8BB800C19E75</key>
		<dict>
			<key>fileRef</key>
			<string>6AD4642B17DE8BB800C19E75</string>
			<key>isa</key>
			<string>PBXBuildFile</string>
		</dict>
		<key>6AD4642D17DE8BB800C19E75</key>
		<dict>
			<key>isa</key>
			<string>PBXFileReference</string>
			<key>lastKnownFileType</key>
			<string>sourcecode.c.h</string>
			<key>path</key>
			<string>Star Invaders-Prefix.pch</string>
			<key>sourceTree</key>
			<string>&lt;group&gt;</string>
		</dict>
		<key>6AD4642E17DE8BB800C19E75</key>
		<dict>
			<key>isa</key>
			<string>PBXFileReference</string>
			<key>lastKnownFileType</key>
			<string>sourcecode.c.h</string>
			<key>path</key>
			<string>AppDelegate.h</string>
			<key>sourceTree</key>
			<string>&lt;group&gt;</string>
		</dict>
		<key>6AD4642F17DE8BB800C19E75</key>
		<dict>
			<key>isa</key>
			<string>PBXFileReference</string>
			<key>lastKnownFileType</key>
			<string>sourcecode.c.objc</string>
			<key>path</key>
			<string>AppDelegate.m</string>
			<key>sourceTree</key>
			<string>&lt;group&gt;</string>
		</dict>
		<key>6AD4643017DE8BB800C19E75</key>
		<dict>
			<key>fileRef</key>
			<string>6AD4642F17DE8BB800C19E75</string>
			<key>isa</key>
			<string>PBXBuildFile</string>
		</dict>
		<key>6AD4643117DE8BB800C19E75</key>
		<dict>
			<key>children</key>
			<array>
				<string>6AD4643217DE8BB800C19E75</string>
			</array>
			<key>isa</key>
			<string>PBXVariantGroup</string>
			<key>name</key>
			<string>Main.storyboard</string>
			<key>sourceTree</key>
			<string>&lt;group&gt;</string>
		</dict>
		<key>6AD4643217DE8BB800C19E75</key>
		<dict>
			<key>isa</key>
			<string>PBXFileReference</string>
			<key>lastKnownFileType</key>
			<string>file.storyboard</string>
			<key>name</key>
			<string>Base</string>
			<key>path</key>
			<string>Base.lproj/Main.storyboard</string>
			<key>sourceTree</key>
			<string>&lt;group&gt;</string>
		</dict>
		<key>6AD4643317DE8BB800C19E75</key>
		<dict>
			<key>fileRef</key>
			<string>6AD4643117DE8BB800C19E75</string>
			<key>isa</key>
			<string>PBXBuildFile</string>
		</dict>
		<key>6AD4643417DE8BB800C19E75</key>
		<dict>
			<key>isa</key>
			<string>PBXFileReference</string>
			<key>lastKnownFileType</key>
			<string>sourcecode.c.h</string>
			<key>path</key>
			<string>GameViewController.h</string>
			<key>sourceTree</key>
			<string>&lt;group&gt;</string>
		</dict>
		<key>6AD4643517DE8BB800C19E75</key>
		<dict>
			<key>isa</key>
			<string>PBXFileReference</string>
			<key>lastKnownFileType</key>
			<string>sourcecode.c.objc</string>
			<key>path</key>
			<string>GameViewController.m</string>
			<key>sourceTree</key>
			<string>&lt;group&gt;</string>
		</dict>
		<key>6AD4643617DE8BB800C19E75</key>
		<dict>
			<key>fileRef</key>
			<string>6AD4643517DE8BB800C19E75</string>
			<key>isa</key>
			<string>PBXBuildFile</string>
		</dict>
		<key>6AD4643717DE8BB800C19E75</key>
		<dict>
			<key>isa</key>
			<string>PBXFileReference</string>
			<key>lastKnownFileType</key>
			<string>sourcecode.c.h</string>
			<key>path</key>
			<string>GameScene.h</string>
			<key>sourceTree</key>
			<string>&lt;group&gt;</string>
		</dict>
		<key>6AD4643817DE8BB800C19E75</key>
		<dict>
			<key>isa</key>
			<string>PBXFileReference</string>
			<key>lastKnownFileType</key>
			<string>sourcecode.c.objc</string>
			<key>path</key>
			<string>GameScene.m</string>
			<key>sourceTree</key>
			<string>&lt;group&gt;</string>
		</dict>
		<key>6AD4643917DE8BB800C19E75</key>
		<dict>
			<key>fileRef</key>
			<string>6AD4643817DE8BB800C19E75</string>
			<key>isa</key>
			<string>PBXBuildFile</string>
		</dict>
		<key>6AD4643C17DE8BB800C19E75</key>
		<dict>
			<key>isa</key>
			<string>PBXFileReference</string>
			<key>lastKnownFileType</key>
			<string>folder.assetcatalog</string>
			<key>path</key>
			<string>Images.xcassets</string>
			<key>sourceTree</key>
			<string>&lt;group&gt;</string>
		</dict>
		<key>6AD4643D17DE8BB800C19E75</key>
		<dict>
			<key>fileRef</key>
			<string>6AD4643C17DE8BB800C19E75</string>
			<key>isa</key>
			<string>PBXBuildFile</string>
		</dict>
		<key>6AD4643E17DE8BB900C19E75</key>
		<dict>
			<key>buildActionMask</key>
			<string>2147483647</string>
			<key>files</key>
			<array>
				<string>6AD4645017DE8BB900C19E75</string>
			</array>
			<key>isa</key>
			<string>PBXSourcesBuildPhase</string>
			<key>runOnlyForDeploymentPostprocessing</key>
			<string>0</string>
		</dict>
		<key>6AD4643F17DE8BB900C19E75</key>
		<dict>
			<key>buildActionMask</key>
			<string>2147483647</string>
			<key>files</key>
			<array>
				<string>6AD4644417DE8BB900C19E75</string>
				<string>6AD4644617DE8BB900C19E75</string>
				<string>6AD4644517DE8BB900C19E75</string>
			</array>
			<key>isa</key>
			<string>PBXFrameworksBuildPhase</string>
			<key>runOnlyForDeploymentPostprocessing</key>
			<string>0</string>
		</dict>
		<key>6AD4644017DE8BB900C19E75</key>
		<dict>
			<key>buildActionMask</key>
			<string>2147483647</string>
			<key>files</key>
			<array>
				<string>6AD4644E17DE8BB900C19E75</string>
			</array>
			<key>isa</key>
			<string>PBXResourcesBuildPhase</string>
			<key>runOnlyForDeploymentPostprocessing</key>
			<string>0</string>
		</dict>
		<key>6AD4644117DE8BB900C19E75</key>
		<dict>
			<key>buildConfigurationList</key>
			<string>6AD4645617DE8BB900C19E75</string>
			<key>buildPhases</key>
			<array>
				<string>6AD4643E17DE8BB900C19E75</string>
				<string>6AD4643F17DE8BB900C19E75</string>
				<string>6AD4644017DE8BB900C19E75</string>
			</array>
			<key>buildRules</key>
			<array/>
			<key>dependencies</key>
			<array>
				<string>6AD4644817DE8BB900C19E75</string>
			</array>
			<key>isa</key>
			<string>PBXNativeTarget</string>
			<key>name</key>
			<string>Star InvadersTests</string>
			<key>productName</key>
			<string>SKInvadersTests</string>
			<key>productReference</key>
			<string>6AD4644217DE8BB900C19E75</string>
			<key>productType</key>
			<string>com.apple.product-type.bundle.unit-test</string>
		</dict>
		<key>6AD4644217DE8BB900C19E75</key>
		<dict>
			<key>explicitFileType</key>
			<string>wrapper.cfbundle</string>
			<key>includeInIndex</key>
			<string>0</string>
			<key>isa</key>
			<string>PBXFileReference</string>
			<key>path</key>
			<string>Star InvadersTests.xctest</string>
			<key>sourceTree</key>
			<string>BUILT_PRODUCTS_DIR</string>
		</dict>
		<key>6AD4644317DE8BB900C19E75</key>
		<dict>
			<key>isa</key>
			<string>PBXFileReference</string>
			<key>lastKnownFileType</key>
			<string>wrapper.framework</string>
			<key>name</key>
			<string>XCTest.framework</string>
			<key>path</key>
			<string>Library/Frameworks/XCTest.framework</string>
			<key>sourceTree</key>
			<string>DEVELOPER_DIR</string>
		</dict>
		<key>6AD4644417DE8BB900C19E75</key>
		<dict>
			<key>fileRef</key>
			<string>6AD4644317DE8BB900C19E75</string>
			<key>isa</key>
			<string>PBXBuildFile</string>
		</dict>
		<key>6AD4644517DE8BB900C19E75</key>
		<dict>
			<key>fileRef</key>
			<string>6AD4641D17DE8BB800C19E75</string>
			<key>isa</key>
			<string>PBXBuildFile</string>
		</dict>
		<key>6AD4644617DE8BB900C19E75</key>
		<dict>
			<key>fileRef</key>
			<string>6AD4642117DE8BB800C19E75</string>
			<key>isa</key>
			<string>PBXBuildFile</string>
		</dict>
		<key>6AD4644717DE8BB900C19E75</key>
		<dict>
			<key>containerPortal</key>
			<string>6AD4641217DE8BB800C19E75</string>
			<key>isa</key>
			<string>PBXContainerItemProxy</string>
			<key>proxyType</key>
			<string>1</string>
			<key>remoteGlobalIDString</key>
			<string>6AD4641917DE8BB800C19E75</string>
			<key>remoteInfo</key>
			<string>SKInvaders</string>
		</dict>
		<key>6AD4644817DE8BB900C19E75</key>
		<dict>
			<key>isa</key>
			<string>PBXTargetDependency</string>
			<key>target</key>
			<string>6AD4641917DE8BB800C19E75</string>
			<key>targetProxy</key>
			<string>6AD4644717DE8BB900C19E75</string>
		</dict>
		<key>6AD4644917DE8BB900C19E75</key>
		<dict>
			<key>children</key>
			<array>
				<string>6AD4644F17DE8BB900C19E75</string>
				<string>6AD4644A17DE8BB900C19E75</string>
			</array>
			<key>isa</key>
			<string>PBXGroup</string>
			<key>path</key>
			<string>SKInvadersTests</string>
			<key>sourceTree</key>
			<string>&lt;group&gt;</string>
		</dict>
		<key>6AD4644A17DE8BB900C19E75</key>
		<dict>
			<key>children</key>
			<array>
				<string>6AD4644B17DE8BB900C19E75</string>
				<string>6AD4644C17DE8BB900C19E75</string>
			</array>
			<key>isa</key>
			<string>PBXGroup</string>
			<key>name</key>
			<string>Supporting Files</string>
			<key>sourceTree</key>
			<string>&lt;group&gt;</string>
		</dict>
		<key>6AD4644B17DE8BB900C19E75</key>
		<dict>
			<key>isa</key>
			<string>PBXFileReference</string>
			<key>lastKnownFileType</key>
			<string>text.plist.xml</string>
			<key>path</key>
			<string>Star InvadersTests-Info.plist</string>
			<key>sourceTree</key>
			<string>&lt;group&gt;</string>
		</dict>
		<key>6AD4644C17DE8BB900C19E75</key>
		<dict>
			<key>children</key>
			<array>
				<string>6AD4644D17DE8BB900C19E75</string>
			</array>
			<key>isa</key>
			<string>PBXVariantGroup</string>
			<key>name</key>
			<string>InfoPlist.strings</string>
			<key>sourceTree</key>
			<string>&lt;group&gt;</string>
		</dict>
		<key>6AD4644D17DE8BB900C19E75</key>
		<dict>
			<key>isa</key>
			<string>PBXFileReference</string>
			<key>lastKnownFileType</key>
			<string>text.plist.strings</string>
			<key>name</key>
			<string>en</string>
			<key>path</key>
			<string>en.lproj/InfoPlist.strings</string>
			<key>sourceTree</key>
			<string>&lt;group&gt;</string>
		</dict>
		<key>6AD4644E17DE8BB900C19E75</key>
		<dict>
			<key>fileRef</key>
			<string>6AD4644C17DE8BB900C19E75</string>
			<key>isa</key>
			<string>PBXBuildFile</string>
		</dict>
		<key>6AD4644F17DE8BB900C19E75</key>
		<dict>
			<key>isa</key>
			<string>PBXFileReference</string>
			<key>lastKnownFileType</key>
			<string>sourcecode.c.objc</string>
			<key>path</key>
			<string>SKInvadersTests.m</string>
			<key>sourceTree</key>
			<string>&lt;group&gt;</string>
		</dict>
		<key>6AD4645017DE8BB900C19E75</key>
		<dict>
			<key>fileRef</key>
			<string>6AD4644F17DE8BB900C19E75</string>
			<key>isa</key>
			<string>PBXBuildFile</string>
		</dict>
		<key>6AD4645117DE8BB900C19E75</key>
		<dict>
			<key>buildSettings</key>
			<dict>
				<key>ALWAYS_SEARCH_USER_PATHS</key>
				<string>NO</string>
				<key>CLANG_CXX_LANGUAGE_STANDARD</key>
				<string>gnu++0x</string>
				<key>CLANG_CXX_LIBRARY</key>
				<string>libc++</string>
				<key>CLANG_ENABLE_MODULES</key>
				<string>YES</string>
				<key>CLANG_ENABLE_OBJC_ARC</key>
				<string>YES</string>
				<key>CLANG_WARN_BOOL_CONVERSION</key>
				<string>YES</string>
				<key>CLANG_WARN_CONSTANT_CONVERSION</key>
				<string>YES</string>
				<key>CLANG_WARN_DIRECT_OBJC_ISA_USAGE</key>
				<string>YES_ERROR</string>
				<key>CLANG_WARN_EMPTY_BODY</key>
				<string>YES</string>
				<key>CLANG_WARN_ENUM_CONVERSION</key>
				<string>YES</string>
				<key>CLANG_WARN_INT_CONVERSION</key>
				<string>YES</string>
				<key>CLANG_WARN_OBJC_ROOT_CLASS</key>
				<string>YES_ERROR</string>
				<key>CLANG_WARN__DUPLICATE_METHOD_MATCH</key>
				<string>YES</string>
				<key>CODE_SIGN_IDENTITY</key>
				<string>iPhone Distribution: Hicham Chourak (TF9VESMTKV)</string>
				<key>CODE_SIGN_IDENTITY[sdk=iphoneos*]</key>
				<string>iPhone Distribution: Hicham Chourak (TF9VESMTKV)</string>
				<key>COPY_PHASE_STRIP</key>
				<string>NO</string>
				<key>GCC_C_LANGUAGE_STANDARD</key>
				<string>gnu99</string>
				<key>GCC_DYNAMIC_NO_PIC</key>
				<string>NO</string>
				<key>GCC_OPTIMIZATION_LEVEL</key>
				<string>0</string>
				<key>GCC_PREPROCESSOR_DEFINITIONS</key>
				<array>
					<string>DEBUG=1</string>
					<string>$(inherited)</string>
				</array>
				<key>GCC_SYMBOLS_PRIVATE_EXTERN</key>
				<string>NO</string>
				<key>GCC_WARN_ABOUT_RETURN_TYPE</key>
				<string>YES_ERROR</string>
				<key>GCC_WARN_UNDECLARED_SELECTOR</key>
				<string>YES</string>
				<key>GCC_WARN_UNINITIALIZED_AUTOS</key>
				<string>YES</string>
				<key>GCC_WARN_UNUSED_FUNCTION</key>
				<string>YES</string>
				<key>GCC_WARN_UNUSED_VARIABLE</key>
				<string>YES</string>
				<key>IPHONEOS_DEPLOYMENT_TARGET</key>
				<string>7.0</string>
				<key>ONLY_ACTIVE_ARCH</key>
				<string>YES</string>
				<key>PROVISIONING_PROFILE</key>
				<string>06d08652-3c48-4004-877d-166e3e96f8fd</string>
				<key>SDKROOT</key>
				<string>iphoneos</string>
			</dict>
			<key>isa</key>
			<string>XCBuildConfiguration</string>
			<key>name</key>
			<string>Debug</string>
		</dict>
		<key>6AD4645217DE8BB900C19E75</key>
		<dict>
			<key>buildSettings</key>
			<dict>
				<key>ALWAYS_SEARCH_USER_PATHS</key>
				<string>NO</string>
				<key>CLANG_CXX_LANGUAGE_STANDARD</key>
				<string>gnu++0x</string>
				<key>CLANG_CXX_LIBRARY</key>
				<string>libc++</string>
				<key>CLANG_ENABLE_MODULES</key>
				<string>YES</string>
				<key>CLANG_ENABLE_OBJC_ARC</key>
				<string>YES</string>
				<key>CLANG_WARN_BOOL_CONVERSION</key>
				<string>YES</string>
				<key>CLANG_WARN_CONSTANT_CONVERSION</key>
				<string>YES</string>
				<key>CLANG_WARN_DIRECT_OBJC_ISA_USAGE</key>
				<string>YES_ERROR</string>
				<key>CLANG_WARN_EMPTY_BODY</key>
				<string>YES</string>
				<key>CLANG_WARN_ENUM_CONVERSION</key>
				<string>YES</string>
				<key>CLANG_WARN_INT_CONVERSION</key>
				<string>YES</string>
				<key>CLANG_WARN_OBJC_ROOT_CLASS</key>
				<string>YES_ERROR</string>
				<key>CLANG_WARN__DUPLICATE_METHOD_MATCH</key>
				<string>YES</string>
				<key>CODE_SIGN_IDENTITY</key>
				<string>iPhone Distribution: Hicham Chourak (TF9VESMTKV)</string>
				<key>CODE_SIGN_IDENTITY[sdk=iphoneos*]</key>
				<string>iPhone Distribution: Hicham Chourak (TF9VESMTKV)</string>
				<key>COPY_PHASE_STRIP</key>
				<string>YES</string>
				<key>ENABLE_NS_ASSERTIONS</key>
				<string>NO</string>
				<key>GCC_C_LANGUAGE_STANDARD</key>
				<string>gnu99</string>
				<key>GCC_WARN_ABOUT_RETURN_TYPE</key>
				<string>YES_ERROR</string>
				<key>GCC_WARN_UNDECLARED_SELECTOR</key>
				<string>YES</string>
				<key>GCC_WARN_UNINITIALIZED_AUTOS</key>
				<string>YES</string>
				<key>GCC_WARN_UNUSED_FUNCTION</key>
				<string>YES</string>
				<key>GCC_WARN_UNUSED_VARIABLE</key>
				<string>YES</string>
				<key>IPHONEOS_DEPLOYMENT_TARGET</key>
				<string>7.0</string>
				<key>PROVISIONING_PROFILE</key>
				<string>06d08652-3c48-4004-877d-166e3e96f8fd</string>
				<key>SDKROOT</key>
				<string>iphoneos</string>
				<key>VALIDATE_PRODUCT</key>
				<string>YES</string>
			</dict>
			<key>isa</key>
			<string>XCBuildConfiguration</string>
			<key>name</key>
			<string>Release</string>
		</dict>
		<key>6AD4645317DE8BB900C19E75</key>
		<dict>
			<key>buildConfigurations</key>
			<array>
				<string>6AD4645417DE8BB900C19E75</string>
				<string>6AD4645517DE8BB900C19E75</string>
				<string>45DC4B1D199E872D00FD4739</string>
			</array>
			<key>defaultConfigurationIsVisible</key>
			<string>0</string>
			<key>defaultConfigurationName</key>
			<string>Release</string>
			<key>isa</key>
			<string>XCConfigurationList</string>
		</dict>
		<key>6AD4645417DE8BB900C19E75</key>
		<dict>
			<key>baseConfigurationReference</key>
			<string>7341BA807CF846CD81FC18FB</string>
			<key>buildSettings</key>
			<dict>
				<key>ASSETCATALOG_COMPILER_APPICON_NAME</key>
				<string>AppIcon</string>
				<key>ASSETCATALOG_COMPILER_LAUNCHIMAGE_NAME</key>
				<string>LaunchImage</string>
				<key>CODE_SIGN_IDENTITY</key>
				<string>iPhone Distribution: Hicham Chourak (TF9VESMTKV)</string>
				<key>GCC_PRECOMPILE_PREFIX_HEADER</key>
				<string>YES</string>
				<key>GCC_PREFIX_HEADER</key>
				<string>SKInvaders/Star Invaders-Prefix.pch</string>
				<key>INFOPLIST_FILE</key>
				<string>SKInvaders/Star Invaders-Info.plist</string>
				<key>PRODUCT_NAME</key>
				<string>Star Invaders</string>
				<key>PROVISIONING_PROFILE</key>
				<string>06d08652-3c48-4004-877d-166e3e96f8fd</string>
				<key>SPRITEKIT_TEXTURE_ATLAS_OUTPUT</key>
				<string>YES</string>
				<key>WRAPPER_EXTENSION</key>
				<string>app</string>
			</dict>
			<key>isa</key>
			<string>XCBuildConfiguration</string>
			<key>name</key>
			<string>Debug</string>
		</dict>
		<key>6AD4645517DE8BB900C19E75</key>
		<dict>
			<key>baseConfigurationReference</key>
			<string>7341BA807CF846CD81FC18FB</string>
			<key>buildSettings</key>
			<dict>
				<key>ASSETCATALOG_COMPILER_APPICON_NAME</key>
				<string>AppIcon</string>
				<key>ASSETCATALOG_COMPILER_LAUNCHIMAGE_NAME</key>
				<string>LaunchImage</string>
				<key>CODE_SIGN_IDENTITY</key>
				<string>iPhone Distribution: Hicham Chourak (TF9VESMTKV)</string>
				<key>GCC_PRECOMPILE_PREFIX_HEADER</key>
				<string>YES</string>
				<key>GCC_PREFIX_HEADER</key>
				<string>SKInvaders/Star Invaders-Prefix.pch</string>
				<key>INFOPLIST_FILE</key>
				<string>SKInvaders/Star Invaders-Info.plist</string>
				<key>PRODUCT_NAME</key>
				<string>Star Invaders</string>
				<key>PROVISIONING_PROFILE</key>
				<string>06d08652-3c48-4004-877d-166e3e96f8fd</string>
				<key>SPRITEKIT_TEXTURE_ATLAS_OUTPUT</key>
				<string>YES</string>
				<key>WRAPPER_EXTENSION</key>
				<string>app</string>
			</dict>
			<key>isa</key>
			<string>XCBuildConfiguration</string>
			<key>name</key>
			<string>Release</string>
		</dict>
		<key>6AD4645617DE8BB900C19E75</key>
		<dict>
			<key>buildConfigurations</key>
			<array>
				<string>6AD4645717DE8BB900C19E75</string>
				<string>6AD4645817DE8BB900C19E75</string>
				<string>45DC4B1E199E872D00FD4739</string>
			</array>
			<key>defaultConfigurationIsVisible</key>
			<string>0</string>
			<key>defaultConfigurationName</key>
			<string>Release</string>
			<key>isa</key>
			<string>XCConfigurationList</string>
		</dict>
		<key>6AD4645717DE8BB900C19E75</key>
		<dict>
			<key>buildSettings</key>
			<dict>
				<key>BUNDLE_LOADER</key>
				<string>$(BUILT_PRODUCTS_DIR)/SKInvaders.app/SKInvaders</string>
				<key>FRAMEWORK_SEARCH_PATHS</key>
				<array>
					<string>$(SDKROOT)/Developer/Library/Frameworks</string>
					<string>$(inherited)</string>
					<string>$(DEVELOPER_FRAMEWORKS_DIR)</string>
				</array>
				<key>GCC_PRECOMPILE_PREFIX_HEADER</key>
				<string>YES</string>
				<key>GCC_PREFIX_HEADER</key>
				<string>SKInvaders/SKInvaders-Prefix.pch</string>
				<key>GCC_PREPROCESSOR_DEFINITIONS</key>
				<array>
					<string>DEBUG=1</string>
					<string>$(inherited)</string>
				</array>
				<key>INFOPLIST_FILE</key>
				<string>SKInvadersTests/Star InvadersTests-Info.plist</string>
				<key>PRODUCT_NAME</key>
				<string>Star InvadersTests</string>
				<key>TEST_HOST</key>
				<string>$(BUNDLE_LOADER)</string>
				<key>WRAPPER_EXTENSION</key>
				<string>xctest</string>
			</dict>
			<key>isa</key>
			<string>XCBuildConfiguration</string>
			<key>name</key>
			<string>Debug</string>
		</dict>
		<key>6AD4645817DE8BB900C19E75</key>
		<dict>
			<key>buildSettings</key>
			<dict>
				<key>BUNDLE_LOADER</key>
				<string>$(BUILT_PRODUCTS_DIR)/SKInvaders.app/SKInvaders</string>
				<key>FRAMEWORK_SEARCH_PATHS</key>
				<array>
					<string>$(SDKROOT)/Developer/Library/Frameworks</string>
					<string>$(inherited)</string>
					<string>$(DEVELOPER_FRAMEWORKS_DIR)</string>
				</array>
				<key>GCC_PRECOMPILE_PREFIX_HEADER</key>
				<string>YES</string>
				<key>GCC_PREFIX_HEADER</key>
				<string>SKInvaders/SKInvaders-Prefix.pch</string>
				<key>INFOPLIST_FILE</key>
				<string>SKInvadersTests/Star InvadersTests-Info.plist</string>
				<key>PRODUCT_NAME</key>
				<string>Star InvadersTests</string>
				<key>TEST_HOST</key>
				<string>$(BUNDLE_LOADER)</string>
				<key>WRAPPER_EXTENSION</key>
				<string>xctest</string>
			</dict>
			<key>isa</key>
			<string>XCBuildConfiguration</string>
			<key>name</key>
			<string>Release</string>
		</dict>
		<key>6AD4645A17DE8E9C00C19E75</key>
		<dict>
			<key>isa</key>
			<string>PBXFileReference</string>
			<key>lastKnownFileType</key>
			<string>image.png</string>
			<key>path</key>
			<string>InvaderA_00.png</string>
			<key>sourceTree</key>
			<string>&lt;group&gt;</string>
		</dict>
		<key>6AD4645B17DE8E9C00C19E75</key>
		<dict>
			<key>isa</key>
			<string>PBXFileReference</string>
			<key>lastKnownFileType</key>
			<string>image.png</string>
			<key>path</key>
			<string>InvaderA_00@2x.png</string>
			<key>sourceTree</key>
			<string>&lt;group&gt;</string>
		</dict>
		<key>6AD4645C17DE8E9C00C19E75</key>
		<dict>
			<key>isa</key>
			<string>PBXFileReference</string>
			<key>lastKnownFileType</key>
			<string>image.png</string>
			<key>path</key>
			<string>InvaderA_01.png</string>
			<key>sourceTree</key>
			<string>&lt;group&gt;</string>
		</dict>
		<key>6AD4645D17DE8E9C00C19E75</key>
		<dict>
			<key>isa</key>
			<string>PBXFileReference</string>
			<key>lastKnownFileType</key>
			<string>image.png</string>
			<key>path</key>
			<string>InvaderA_01@2x.png</string>
			<key>sourceTree</key>
			<string>&lt;group&gt;</string>
		</dict>
		<key>6AD4645E17DE8E9C00C19E75</key>
		<dict>
			<key>isa</key>
			<string>PBXFileReference</string>
			<key>lastKnownFileType</key>
			<string>image.png</string>
			<key>path</key>
			<string>InvaderB_00.png</string>
			<key>sourceTree</key>
			<string>&lt;group&gt;</string>
		</dict>
		<key>6AD4645F17DE8E9C00C19E75</key>
		<dict>
			<key>isa</key>
			<string>PBXFileReference</string>
			<key>lastKnownFileType</key>
			<string>image.png</string>
			<key>path</key>
			<string>InvaderB_00@2x.png</string>
			<key>sourceTree</key>
			<string>&lt;group&gt;</string>
		</dict>
		<key>6AD4646017DE8E9C00C19E75</key>
		<dict>
			<key>isa</key>
			<string>PBXFileReference</string>
			<key>lastKnownFileType</key>
			<string>image.png</string>
			<key>path</key>
			<string>InvaderB_01.png</string>
			<key>sourceTree</key>
			<string>&lt;group&gt;</string>
		</dict>
		<key>6AD4646117DE8E9C00C19E75</key>
		<dict>
			<key>isa</key>
			<string>PBXFileReference</string>
			<key>lastKnownFileType</key>
			<string>image.png</string>
			<key>path</key>
			<string>InvaderB_01@2x.png</string>
			<key>sourceTree</key>
			<string>&lt;group&gt;</string>
		</dict>
		<key>6AD4646217DE8E9C00C19E75</key>
		<dict>
			<key>isa</key>
			<string>PBXFileReference</string>
			<key>lastKnownFileType</key>
			<string>image.png</string>
			<key>path</key>
			<string>InvaderC_00.png</string>
			<key>sourceTree</key>
			<string>&lt;group&gt;</string>
		</dict>
		<key>6AD4646317DE8E9C00C19E75</key>
		<dict>
			<key>isa</key>
			<string>PBXFileReference</string>
			<key>lastKnownFileType</key>
			<string>image.png</string>
			<key>path</key>
			<string>InvaderC_00@2x.png</string>
			<key>sourceTree</key>
			<string>&lt;group&gt;</string>
		</dict>
		<key>6AD4646417DE8E9C00C19E75</key>
		<dict>
			<key>isa</key>
			<string>PBXFileReference</string>
			<key>lastKnownFileType</key>
			<string>image.png</string>
			<key>path</key>
			<string>InvaderC_01.png</string>
			<key>sourceTree</key>
			<string>&lt;group&gt;</string>
		</dict>
		<key>6AD4646517DE8E9C00C19E75</key>
		<dict>
			<key>isa</key>
			<string>PBXFileReference</string>
			<key>lastKnownFileType</key>
			<string>image.png</string>
			<key>path</key>
			<string>InvaderC_01@2x.png</string>
			<key>sourceTree</key>
			<string>&lt;group&gt;</string>
		</dict>
		<key>6AD4646617DE8E9C00C19E75</key>
		<dict>
			<key>isa</key>
			<string>PBXFileReference</string>
			<key>lastKnownFileType</key>
			<string>image.png</string>
			<key>path</key>
			<string>Ship.png</string>
			<key>sourceTree</key>
			<string>&lt;group&gt;</string>
		</dict>
		<key>6AD4646717DE8E9C00C19E75</key>
		<dict>
			<key>isa</key>
			<string>PBXFileReference</string>
			<key>lastKnownFileType</key>
			<string>image.png</string>
			<key>path</key>
			<string>Ship@2x.png</string>
			<key>sourceTree</key>
			<string>&lt;group&gt;</string>
		</dict>
		<key>6AD4646A17DE8E9C00C19E75</key>
		<dict>
			<key>fileRef</key>
			<string>6AD4645A17DE8E9C00C19E75</string>
			<key>isa</key>
			<string>PBXBuildFile</string>
		</dict>
		<key>6AD4646B17DE8E9C00C19E75</key>
		<dict>
			<key>fileRef</key>
			<string>6AD4645B17DE8E9C00C19E75</string>
			<key>isa</key>
			<string>PBXBuildFile</string>
		</dict>
		<key>6AD4646C17DE8E9C00C19E75</key>
		<dict>
			<key>fileRef</key>
			<string>6AD4645C17DE8E9C00C19E75</string>
			<key>isa</key>
			<string>PBXBuildFile</string>
		</dict>
		<key>6AD4646D17DE8E9C00C19E75</key>
		<dict>
			<key>fileRef</key>
			<string>6AD4645D17DE8E9C00C19E75</string>
			<key>isa</key>
			<string>PBXBuildFile</string>
		</dict>
		<key>6AD4646E17DE8E9C00C19E75</key>
		<dict>
			<key>fileRef</key>
			<string>6AD4645E17DE8E9C00C19E75</string>
			<key>isa</key>
			<string>PBXBuildFile</string>
		</dict>
		<key>6AD4646F17DE8E9C00C19E75</key>
		<dict>
			<key>fileRef</key>
			<string>6AD4645F17DE8E9C00C19E75</string>
			<key>isa</key>
			<string>PBXBuildFile</string>
		</dict>
		<key>6AD4647017DE8E9C00C19E75</key>
		<dict>
			<key>fileRef</key>
			<string>6AD4646017DE8E9C00C19E75</string>
			<key>isa</key>
			<string>PBXBuildFile</string>
		</dict>
		<key>6AD4647117DE8E9C00C19E75</key>
		<dict>
			<key>fileRef</key>
			<string>6AD4646117DE8E9C00C19E75</string>
			<key>isa</key>
			<string>PBXBuildFile</string>
		</dict>
		<key>6AD4647217DE8E9C00C19E75</key>
		<dict>
			<key>fileRef</key>
			<string>6AD4646217DE8E9C00C19E75</string>
			<key>isa</key>
			<string>PBXBuildFile</string>
		</dict>
		<key>6AD4647317DE8E9C00C19E75</key>
		<dict>
			<key>fileRef</key>
			<string>6AD4646317DE8E9C00C19E75</string>
			<key>isa</key>
			<string>PBXBuildFile</string>
		</dict>
		<key>6AD4647417DE8E9C00C19E75</key>
		<dict>
			<key>fileRef</key>
			<string>6AD4646417DE8E9C00C19E75</string>
			<key>isa</key>
			<string>PBXBuildFile</string>
		</dict>
		<key>6AD4647517DE8E9C00C19E75</key>
		<dict>
			<key>fileRef</key>
			<string>6AD4646517DE8E9C00C19E75</string>
			<key>isa</key>
			<string>PBXBuildFile</string>
		</dict>
		<key>6AD4647617DE8E9D00C19E75</key>
		<dict>
			<key>fileRef</key>
			<string>6AD4646617DE8E9C00C19E75</string>
			<key>isa</key>
			<string>PBXBuildFile</string>
		</dict>
		<key>6AD4647717DE8E9D00C19E75</key>
		<dict>
			<key>fileRef</key>
			<string>6AD4646717DE8E9C00C19E75</string>
			<key>isa</key>
			<string>PBXBuildFile</string>
		</dict>
		<key>6AD4647917DE8F2600C19E75</key>
		<dict>
			<key>isa</key>
			<string>PBXFileReference</string>
			<key>lastKnownFileType</key>
			<string>wrapper.framework</string>
			<key>name</key>
			<string>CoreMotion.framework</string>
			<key>path</key>
			<string>System/Library/Frameworks/CoreMotion.framework</string>
			<key>sourceTree</key>
			<string>SDKROOT</string>
		</dict>
		<key>6AD4647A17DE8F2600C19E75</key>
		<dict>
			<key>fileRef</key>
			<string>6AD4647917DE8F2600C19E75</string>
			<key>isa</key>
			<string>PBXBuildFile</string>
		</dict>
		<key>6AD4648317DE96B100C19E75</key>
		<dict>
			<key>fileEncoding</key>
			<string>4</string>
			<key>isa</key>
			<string>PBXFileReference</string>
			<key>lastKnownFileType</key>
			<string>text</string>
			<key>path</key>
			<string>AssetLicensingNotes.txt</string>
			<key>sourceTree</key>
			<string>&lt;group&gt;</string>
		</dict>
		<key>6AD4648517DE986400C19E75</key>
		<dict>
			<key>children</key>
			<array>
				<string>45DC4B1F199E887500FD4739</string>
				<string>45DC4B18199E5ACD00FD4739</string>
				<string>45DC4B19199E5ACD00FD4739</string>
				<string>45DC4B13199E4D6500FD4739</string>
				<string>45DC4B14199E4D6500FD4739</string>
				<string>45DC4B10199E389200FD4739</string>
				<string>6AD4645A17DE8E9C00C19E75</string>
				<string>6AD4645B17DE8E9C00C19E75</string>
				<string>6AD4645C17DE8E9C00C19E75</string>
				<string>6AD4645D17DE8E9C00C19E75</string>
				<string>6AD4645E17DE8E9C00C19E75</string>
				<string>6AD4645F17DE8E9C00C19E75</string>
				<string>6AD4646017DE8E9C00C19E75</string>
				<string>6AD4646117DE8E9C00C19E75</string>
				<string>6AD4646217DE8E9C00C19E75</string>
				<string>6AD4646317DE8E9C00C19E75</string>
				<string>6AD4646417DE8E9C00C19E75</string>
				<string>6AD4646517DE8E9C00C19E75</string>
				<string>6AD4646617DE8E9C00C19E75</string>
				<string>6AD4646717DE8E9C00C19E75</string>
			</array>
			<key>isa</key>
			<string>PBXGroup</string>
			<key>name</key>
			<string>Sprite Images</string>
			<key>sourceTree</key>
			<string>&lt;group&gt;</string>
		</dict>
		<key>6AD4648617DE988C00C19E75</key>
		<dict>
			<key>children</key>
			<array>
				<string>45DC4AFE199AA7DC00FD4739</string>
				<string>45DC4B08199AAC1700FD4739</string>
				<string>45DC4B00199AAAE400FD4739</string>
				<string>45DC4B01199AAAE400FD4739</string>
				<string>45DC4B02199AAAE400FD4739</string>
			</array>
			<key>isa</key>
			<string>PBXGroup</string>
			<key>name</key>
			<string>Sound Effects</string>
			<key>sourceTree</key>
			<string>&lt;group&gt;</string>
		</dict>
		<key>7341BA807CF846CD81FC18FB</key>
		<dict>
			<key>includeInIndex</key>
			<string>1</string>
			<key>isa</key>
			<string>PBXFileReference</string>
			<key>lastKnownFileType</key>
			<string>text.xcconfig</string>
			<key>name</key>
			<string>Pods.xcconfig</string>
			<key>path</key>
			<string>Pods/Pods.xcconfig</string>
			<key>sourceTree</key>
			<string>&lt;group&gt;</string>
		</dict>
		<key>7FABA111384F499EBF5F0F2D</key>
		<dict>
			<key>buildActionMask</key>
			<string>2147483647</string>
			<key>files</key>
			<array/>
			<key>inputPaths</key>
			<array/>
			<key>isa</key>
			<string>PBXShellScriptBuildPhase</string>
			<key>name</key>
			<string>Check Pods Manifest.lock</string>
			<key>outputPaths</key>
			<array/>
			<key>runOnlyForDeploymentPostprocessing</key>
			<string>0</string>
			<key>shellPath</key>
			<string>/bin/sh</string>
			<key>shellScript</key>
			<string>diff "${PODS_ROOT}/../Podfile.lock" "${PODS_ROOT}/Manifest.lock" &gt; /dev/null
if [[ $? != 0 ]] ; then
    cat &lt;&lt; EOM
error: The sandbox is not in sync with the Podfile.lock. Run 'pod install' or update your CocoaPods installation.
EOM
    exit 1
fi
</string>
			<key>showEnvVarsInLog</key>
			<string>0</string>
		</dict>
		<key>AEA42D6253FA40F8A12AAF24</key>
		<dict>
			<key>fileRef</key>
			<string>530EDE8692284A0DA7CA5FDD</string>
			<key>isa</key>
			<string>PBXBuildFile</string>
		</dict>
	</dict>
	<key>rootObject</key>
	<string>6AD4641217DE8BB800C19E75</string>
</dict>
</plist>
